
Microsoft Visual Studio Solution File, Format Version 12.00
# Visual Studio Version 17
VisualStudioVersion = 17.9.34728.123
MinimumVisualStudioVersion = 10.0.40219.1
Project("{9A19103F-16F7-4668-BE54-9A1E7A4F7556}") = "BusinessObjects", "BusinessObjects\BusinessObjects.csproj", "{A5C672B9-0488-4C89-B634-4DBD11E0802A}"
EndProject
Project("{9A19103F-16F7-4668-BE54-9A1E7A4F7556}") = "DataAccessLayer", "DataAccessLayer\DataAccessLayer.csproj", "{142DA603-8CF8-4FCE-9E52-CC698A56948F}"
EndProject
Project("{9A19103F-16F7-4668-BE54-9A1E7A4F7556}") = "Repositories", "Repositories\Repositories.csproj", "{183655A0-D239-4FA2-AB9C-7AD43497FF86}"
EndProject
Project("{9A19103F-16F7-4668-BE54-9A1E7A4F7556}") = "Services", "Services\Services.csproj", "{41B33BCE-1400-4C25-8B8B-BA1BA594E273}"
EndProject
Project("{9A19103F-16F7-4668-BE54-9A1E7A4F7556}") = "MVC", "WebAPI\MVC.csproj", "{3034F6BD-1877-45AB-8DCB-80795D236D45}"
EndProject
Global
	GlobalSection(SolutionConfigurationPlatforms) = preSolution
		Debug|Any CPU = Debug|Any CPU
		Release|Any CPU = Release|Any CPU
	EndGlobalSection
	GlobalSection(ProjectConfigurationPlatforms) = postSolution
		{A5C672B9-0488-4C89-B634-4DBD11E0802A}.Debug|Any CPU.ActiveCfg = Debug|Any CPU
		{A5C672B9-0488-4C89-B634-4DBD11E0802A}.Debug|Any CPU.Build.0 = Debug|Any CPU
		{A5C672B9-0488-4C89-B634-4DBD11E0802A}.Release|Any CPU.ActiveCfg = Release|Any CPU
		{A5C672B9-0488-4C89-B634-4DBD11E0802A}.Release|Any CPU.Build.0 = Release|Any CPU
		{142DA603-8CF8-4FCE-9E52-CC698A56948F}.Debug|Any CPU.ActiveCfg = Debug|Any CPU
		{142DA603-8CF8-4FCE-9E52-CC698A56948F}.Debug|Any CPU.Build.0 = Debug|Any CPU
		{142DA603-8CF8-4FCE-9E52-CC698A56948F}.Release|Any CPU.ActiveCfg = Release|Any CPU
		{142DA603-8CF8-4FCE-9E52-CC698A56948F}.Release|Any CPU.Build.0 = Release|Any CPU
		{183655A0-D239-4FA2-AB9C-7AD43497FF86}.Debug|Any CPU.ActiveCfg = Debug|Any CPU
		{183655A0-D239-4FA2-AB9C-7AD43497FF86}.Debug|Any CPU.Build.0 = Debug|Any CPU
		{183655A0-D239-4FA2-AB9C-7AD43497FF86}.Release|Any CPU.ActiveCfg = Release|Any CPU
		{183655A0-D239-4FA2-AB9C-7AD43497FF86}.Release|Any CPU.Build.0 = Release|Any CPU
		{41B33BCE-1400-4C25-8B8B-BA1BA594E273}.Debug|Any CPU.ActiveCfg = Debug|Any CPU
		{41B33BCE-1400-4C25-8B8B-BA1BA594E273}.Debug|Any CPU.Build.0 = Debug|Any CPU
		{41B33BCE-1400-4C25-8B8B-BA1BA594E273}.Release|Any CPU.ActiveCfg = Release|Any CPU
		{41B33BCE-1400-4C25-8B8B-BA1BA594E273}.Release|Any CPU.Build.0 = Release|Any CPU
		{3034F6BD-1877-45AB-8DCB-80795D236D45}.Debug|Any CPU.ActiveCfg = Debug|Any CPU
		{3034F6BD-1877-45AB-8DCB-80795D236D45}.Debug|Any CPU.Build.0 = Debug|Any CPU
		{3034F6BD-1877-45AB-8DCB-80795D236D45}.Release|Any CPU.ActiveCfg = Release|Any CPU
		{3034F6BD-1877-45AB-8DCB-80795D236D45}.Release|Any CPU.Build.0 = Release|Any CPU
	EndGlobalSection
	GlobalSection(SolutionProperties) = preSolution
		HideSolutionNode = FALSE
	EndGlobalSection
	GlobalSection(ExtensibilityGlobals) = postSolution
		SolutionGuid = {9C22C510-26AE-4E7D-BEE9-90AA5C8DE679}
	EndGlobalSection
EndGlobal
